
Microsoft Visual Studio Solution File, Format Version 12.00
# Visual Studio 15
VisualStudioVersion = 15.0.27703.2035
MinimumVisualStudioVersion = 10.0.40219.1
Project("{FAE04EC0-301F-11D3-BF4B-00C04F79EFBC}") = "rest", "rest\rest.csproj", "{C07A6191-728E-41B1-BB4B-F6014436B41E}"
EndProject
Global
	GlobalSection(SolutionConfigurationPlatforms) = preSolution
		Debug|Any CPU = Debug|Any CPU
		Release|Any CPU = Release|Any CPU
	EndGlobalSection
	GlobalSection(ProjectConfigurationPlatforms) = postSolution
		{C07A6191-728E-41B1-BB4B-F6014436B41E}.Debug|Any CPU.ActiveCfg = Debug|Any CPU
		{C07A6191-728E-41B1-BB4B-F6014436B41E}.Debug|Any CPU.Build.0 = Debug|Any CPU
		{C07A6191-728E-41B1-BB4B-F6014436B41E}.Release|Any CPU.ActiveCfg = Release|Any CPU
		{C07A6191-728E-41B1-BB4B-F6014436B41E}.Release|Any CPU.Build.0 = Release|Any CPU
	EndGlobalSection
	GlobalSection(SolutionProperties) = preSolution
		HideSolutionNode = FALSE
	EndGlobalSection
	GlobalSection(ExtensibilityGlobals) = postSolution
		SolutionGuid = {5B1B2736-1CC6-4B5F-8681-73AC455D21FC}
	EndGlobalSection
EndGlobal
